
Microsoft Visual Studio Solution File, Format Version 12.00
# Visual Studio Version 16
VisualStudioVersion = 16.0.29609.76
MinimumVisualStudioVersion = 10.0.40219.1
Project("{FAE04EC0-301F-11D3-BF4B-00C04F79EFBC}") = "ALG_MarchingCubes_GPU", "ALG_MarchingCubes_GPU.csproj", "{77D0B7BD-B9B4-4974-B1D7-158AA60159BA}"
EndProject
Global
	GlobalSection(SolutionConfigurationPlatforms) = preSolution
		Debug|Any CPU = Debug|Any CPU
		Release|Any CPU = Release|Any CPU
	EndGlobalSection
	GlobalSection(ProjectConfigurationPlatforms) = postSolution
		{77D0B7BD-B9B4-4974-B1D7-158AA60159BA}.Debug|Any CPU.ActiveCfg = Debug|Any CPU
		{77D0B7BD-B9B4-4974-B1D7-158AA60159BA}.Debug|Any CPU.Build.0 = Debug|Any CPU
		{77D0B7BD-B9B4-4974-B1D7-158AA60159BA}.Release|Any CPU.ActiveCfg = Release|Any CPU
		{77D0B7BD-B9B4-4974-B1D7-158AA60159BA}.Release|Any CPU.Build.0 = Release|Any CPU
	EndGlobalSection
	GlobalSection(SolutionProperties) = preSolution
		HideSolutionNode = FALSE
	EndGlobalSection
	GlobalSection(ExtensibilityGlobals) = postSolution
		SolutionGuid = {61570140-3EEE-4F39-8A2D-8268539B27C4}
	EndGlobalSection
EndGlobal
